<?xml version="1.0" encoding="utf-8"?>
<Project ToolsVersion="4.0" xmlns="http://schemas.microsoft.com/developer/msbuild/2003">
  <ItemGroup>
    <Filter Include="scr">
      <UniqueIdentifier>{16bff378-77df-4be4-856c-7ac375151dc9}</UniqueIdentifier>
    </Filter>
    <Filter Include="resources">
      <UniqueIdentifier>{9f1c0032-b6e2-49fc-b3a7-619dcd8533af}</UniqueIdentifier>
    </Filter>
    <Filter Include="scr\app">
      <UniqueIdentifier>{4ab67e7f-d502-4381-b134-21b6ad7a2543}</UniqueIdentifier>
    </Filter>
    <Filter Include="scr\gpgpu">
      <UniqueIdentifier>{15e6f6b2-47a1-4753-8e8d-16ab992ac4c1}</UniqueIdentifier>
    </Filter>
    <Filter Include="scr\etc">
      <UniqueIdentifier>{ee276a1b-594c-4a15-a09e-c186b02504e8}</UniqueIdentifier>
    </Filter>
  </ItemGroup>
  <ItemGroup>
    <ClInclude Include="dholo.h">
      <Filter>scr\app</Filter>
    </ClInclude>
    <ClInclude Include="stdafx.h">
      <Filter>scr\etc</Filter>
    </ClInclude>
    <ClInclude Include="targetver.h">
      <Filter>scr\etc</Filter>
    </ClInclude>
    <ClInclude Include="Resource.h">
      <Filter>resources</Filter>
    </ClInclude>
    <ClInclude Include="dhWnd.h">
      <Filter>scr\app</Filter>
    </ClInclude>
    <ClInclude Include="dhmainfrm.h">
      <Filter>scr\app</Filter>
    </ClInclude>
  </ItemGroup>
  <ItemGroup>
    <ClCompile Include="dholo.cpp">
      <Filter>scr\app</Filter>
    </ClCompile>
    <ClCompile Include="stdafx.cpp">
      <Filter>scr\etc</Filter>
    </ClCompile>
    <ClCompile Include="dhWnd.cpp">
      <Filter>scr\app</Filter>
    </ClCompile>
    <ClCompile Include="dhmainfrm.cpp">
      <Filter>scr\app</Filter>
    </ClCompile>
  </ItemGroup>
  <ItemGroup>
    <Image Include="res\userimages.bmp">
      <Filter>resources</Filter>
    </Image>
    <Image Include="res\Toolbar256.bmp">
      <Filter>resources</Filter>
    </Image>
    <Image Include="res\Toolbar.bmp">
      <Filter>resources</Filter>
    </Image>
    <Image Include="res\dholo.ico">
      <Filter>resources</Filter>
    </Image>
  </ItemGroup>
  <ItemGroup>
    <None Include="res\dholo.rc2">
      <Filter>resources</Filter>
    </None>
  </ItemGroup>
  <ItemGroup>
    <ResourceCompile Include="dholo.rc">
      <Filter>resources</Filter>
    </ResourceCompile>
  </ItemGroup>
</Project>