<?xml version="1.0" encoding="utf-8"?>
<Project ToolsVersion="4.0" xmlns="http://schemas.microsoft.com/developer/msbuild/2003">
  <ItemGroup>
    <Filter Include="scr">
      <UniqueIdentifier>{16bff378-77df-4be4-856c-7ac375151dc9}</UniqueIdentifier>
    </Filter>
    <Filter Include="resources">
      <UniqueIdentifier>{9f1c0032-b6e2-49fc-b3a7-619dcd8533af}</UniqueIdentifier>
    </Filter>
    <Filter Include="scr\app">
      <UniqueIdentifier>{4ab67e7f-d502-4381-b134-21b6ad7a2543}</UniqueIdentifier>
    </Filter>
    <Filter Include="scr\gpgpu">
      <UniqueIdentifier>{15e6f6b2-47a1-4753-8e8d-16ab992ac4c1}</UniqueIdentifier>
    </Filter>
    <Filter Include="scr\etc">
      <UniqueIdentifier>{ee276a1b-594c-4a15-a09e-c186b02504e8}</UniqueIdentifier>
    </Filter>
    <Filter Include="scr\app\img">
      <UniqueIdentifier>{2b24be1e-1f13-4e4e-b0f4-46915eaebaca}</UniqueIdentifier>
    </Filter>
    <Filter Include="scr\gpgpu\opencl">
      <UniqueIdentifier>{fcac0bbc-bb2c-4824-8de8-8d49dd4cb7c3}</UniqueIdentifier>
    </Filter>
    <Filter Include="scr\gpgpu\opengl">
      <UniqueIdentifier>{64b383b2-d51f-44d0-b517-dea2c588b06a}</UniqueIdentifier>
    </Filter>
    <Filter Include="scr\app\holo">
      <UniqueIdentifier>{9a14d040-b228-4bd8-817f-d74eeacb768b}</UniqueIdentifier>
    </Filter>
    <Filter Include="scr\app\toolbar">
      <UniqueIdentifier>{aaff868c-1a28-4b9c-a118-9dab6000b15f}</UniqueIdentifier>
    </Filter>
    <Filter Include="scr\app\dlg">
      <UniqueIdentifier>{a00189de-789a-4fd5-96cc-709ab67239d8}</UniqueIdentifier>
    </Filter>
    <Filter Include="scr\gpgpu\programs">
      <UniqueIdentifier>{ec5a5c5c-61b4-4366-bb7c-ef345f411ab9}</UniqueIdentifier>
    </Filter>
    <Filter Include="scr\gpgpu\exp">
      <UniqueIdentifier>{c875329d-51f6-4f2d-a7b4-c4e5ce9ccff8}</UniqueIdentifier>
    </Filter>
    <Filter Include="scr\gpgpu\test">
      <UniqueIdentifier>{5b100cf3-5885-4ee7-b490-3ab548f69208}</UniqueIdentifier>
    </Filter>
  </ItemGroup>
  <ItemGroup>
    <ClInclude Include="dholo.h">
      <Filter>scr\app</Filter>
    </ClInclude>
    <ClInclude Include="stdafx.h">
      <Filter>scr\etc</Filter>
    </ClInclude>
    <ClInclude Include="targetver.h">
      <Filter>scr\etc</Filter>
    </ClInclude>
    <ClInclude Include="Resource.h">
      <Filter>resources</Filter>
    </ClInclude>
    <ClInclude Include="dhimgexpr.h">
      <Filter>scr\app\img</Filter>
    </ClInclude>
    <ClInclude Include="dhmainfrm.h">
      <Filter>scr\app\holo</Filter>
    </ClInclude>
    <ClInclude Include="dhwnd.h">
      <Filter>scr\app\holo</Filter>
    </ClInclude>
    <ClInclude Include="dhimglist.h">
      <Filter>scr\app\img</Filter>
    </ClInclude>
    <ClInclude Include="dhogl.h">
      <Filter>scr\gpgpu\opengl</Filter>
    </ClInclude>
    <ClInclude Include="stb_image.h">
      <Filter>scr\etc</Filter>
    </ClInclude>
    <ClInclude Include="dhimgloader.h">
      <Filter>scr\app\img</Filter>
    </ClInclude>
    <ClInclude Include="dhtoolbar.h">
      <Filter>scr\app\toolbar</Filter>
    </ClInclude>
    <ClInclude Include="dhopencldlg.h">
      <Filter>scr\app\dlg</Filter>
    </ClInclude>
    <ClInclude Include="dhoclinit.h">
      <Filter>scr\gpgpu\opencl</Filter>
    </ClInclude>
    <ClInclude Include="idhcalculate.h">
      <Filter>scr\gpgpu</Filter>
    </ClInclude>
    <ClInclude Include="idhrender.h">
      <Filter>scr\gpgpu</Filter>
    </ClInclude>
    <ClInclude Include="dhoclcalc.h">
      <Filter>scr\gpgpu\opencl</Filter>
    </ClInclude>
    <ClInclude Include="dhoclexp.h">
      <Filter>scr\gpgpu\exp</Filter>
    </ClInclude>
    <ClInclude Include="dhtest.h">
      <Filter>scr\gpgpu\test</Filter>
    </ClInclude>
    <ClInclude Include="dhocltest.h">
      <Filter>scr\gpgpu\opencl</Filter>
    </ClInclude>
  </ItemGroup>
  <ItemGroup>
    <ClCompile Include="dholo.cpp">
      <Filter>scr\app</Filter>
    </ClCompile>
    <ClCompile Include="stdafx.cpp">
      <Filter>scr\etc</Filter>
    </ClCompile>
    <ClCompile Include="dhimgexpr.cpp">
      <Filter>scr\app\img</Filter>
    </ClCompile>
    <ClCompile Include="dhmainfrm.cpp">
      <Filter>scr\app\holo</Filter>
    </ClCompile>
    <ClCompile Include="dhwnd.cpp">
      <Filter>scr\app\holo</Filter>
    </ClCompile>
    <ClCompile Include="dhimglist.cpp">
      <Filter>scr\app\img</Filter>
    </ClCompile>
    <ClCompile Include="dhogl.cpp">
      <Filter>scr\gpgpu\opengl</Filter>
    </ClCompile>
    <ClCompile Include="dhimgloader.cpp">
      <Filter>scr\app\img</Filter>
    </ClCompile>
    <ClCompile Include="dhtoolbar.cpp">
      <Filter>scr\app\toolbar</Filter>
    </ClCompile>
    <ClCompile Include="dhopencldlg.cpp">
      <Filter>scr\app\dlg</Filter>
    </ClCompile>
    <ClCompile Include="dhoclinit.cpp">
      <Filter>scr\gpgpu\opencl</Filter>
    </ClCompile>
    <ClCompile Include="dhoclcalc.cpp">
      <Filter>scr\gpgpu\opencl</Filter>
    </ClCompile>
    <ClCompile Include="dhoclexp.cpp">
      <Filter>scr\gpgpu\exp</Filter>
    </ClCompile>
    <ClCompile Include="dhtest.cpp">
      <Filter>scr\gpgpu\test</Filter>
    </ClCompile>
    <ClCompile Include="dhocltest.cpp">
      <Filter>scr\gpgpu\opencl</Filter>
    </ClCompile>
  </ItemGroup>
  <ItemGroup>
    <Image Include="res\userimages.bmp">
      <Filter>resources</Filter>
    </Image>
    <Image Include="res\Toolbar256.bmp">
      <Filter>resources</Filter>
    </Image>
    <Image Include="res\Toolbar.bmp">
      <Filter>resources</Filter>
    </Image>
    <Image Include="res\dholo.ico">
      <Filter>resources</Filter>
    </Image>
    <Image Include="res\toolbar1.bmp">
      <Filter>resources</Filter>
    </Image>
  </ItemGroup>
  <ItemGroup>
    <None Include="res\dholo.rc2">
      <Filter>resources</Filter>
    </None>
    <None Include="black.cl">
      <Filter>scr\gpgpu\programs</Filter>
    </None>
    <None Include="OpenCLFile.cl">
      <Filter>scr\gpgpu\programs</Filter>
    </None>
    <None Include="Psi4Kernel.cl">
      <Filter>scr\gpgpu\programs</Filter>
    </None>
  </ItemGroup>
  <ItemGroup>
    <ResourceCompile Include="dholo.rc">
      <Filter>resources</Filter>
    </ResourceCompile>
  </ItemGroup>
</Project>